// !$*UTF8*$!
{
	archiveVersion = 1;
	classes = {};
	objectVersion = 56;
	objects = {
		6B8A86844998C91D3EC8445B = {isa = PBXFileReference; explicitFileType = wrapper.application; includeInIndex = 0; name = "OpsPulse.app"; path = "OpsPulse.app"; sourceTree = "BUILT_PRODUCTS_DIR"; };
		81CACFE6837048DF70A6D767 = {isa = PBXFileReference; explicitFileType = wrapper.app-extension; includeInIndex = 0; name = "OpsPulseWidget.appex"; path = "OpsPulseWidget.appex"; sourceTree = "BUILT_PRODUCTS_DIR"; };
		DC84AF413EBD3300A65BF831 = {isa = PBXFileReference; lastKnownFileType = sourcecode.swift; includeInIndex = 0; name = "ContentView.swift"; path = "OpsPulse/App/ContentView.swift"; sourceTree = "SOURCE_ROOT"; };
		818356EF5B262D29FE196EB7 = {isa = PBXFileReference; lastKnownFileType = sourcecode.swift; includeInIndex = 0; name = "OpsPulseApp.swift"; path = "OpsPulse/App/OpsPulseApp.swift"; sourceTree = "SOURCE_ROOT"; };
		5DB5ADDEC480186E9F429B4D = {isa = PBXFileReference; lastKnownFileType = sourcecode.swift; includeInIndex = 0; name = "OpsStore.swift"; path = "OpsPulse/App/OpsStore.swift"; sourceTree = "SOURCE_ROOT"; };
		044522877366455FC452D195 = {isa = PBXFileReference; lastKnownFileType = sourcecode.swift; includeInIndex = 0; name = "Components.swift"; path = "OpsPulse/Design/Components.swift"; sourceTree = "SOURCE_ROOT"; };
		E5F04F16C48F25DCF1081045 = {isa = PBXFileReference; lastKnownFileType = sourcecode.swift; includeInIndex = 0; name = "Formatters.swift"; path = "OpsPulse/Design/Formatters.swift"; sourceTree = "SOURCE_ROOT"; };
		91B9CEF8A277706E29A43DEB = {isa = PBXFileReference; lastKnownFileType = sourcecode.swift; includeInIndex = 0; name = "IncidentDetailView.swift"; path = "OpsPulse/Features/Incidents/IncidentDetailView.swift"; sourceTree = "SOURCE_ROOT"; };
		D6B7EF2AF443756F4BD234E3 = {isa = PBXFileReference; lastKnownFileType = sourcecode.swift; includeInIndex = 0; name = "IncidentListView.swift"; path = "OpsPulse/Features/Incidents/IncidentListView.swift"; sourceTree = "SOURCE_ROOT"; };
		A834F969B9A91D4A69E2A9F0 = {isa = PBXFileReference; lastKnownFileType = sourcecode.swift; includeInIndex = 0; name = "ReliabilityLabView.swift"; path = "OpsPulse/Features/Lab/ReliabilityLabView.swift"; sourceTree = "SOURCE_ROOT"; };
		6121D811F41E64430EFD760B = {isa = PBXFileReference; lastKnownFileType = sourcecode.swift; includeInIndex = 0; name = "ReliabilityOverviewView.swift"; path = "OpsPulse/Features/Overview/ReliabilityOverviewView.swift"; sourceTree = "SOURCE_ROOT"; };
		7C7495E6BD85C2CCFFC8C21F = {isa = PBXFileReference; lastKnownFileType = sourcecode.swift; includeInIndex = 0; name = "RunbookChecklistView.swift"; path = "OpsPulse/Features/Runbooks/RunbookChecklistView.swift"; sourceTree = "SOURCE_ROOT"; };
		FF1C571385A84908FA211661 = {isa = PBXFileReference; lastKnownFileType = sourcecode.swift; includeInIndex = 0; name = "ServiceCatalogView.swift"; path = "OpsPulse/Features/Services/ServiceCatalogView.swift"; sourceTree = "SOURCE_ROOT"; };
		6D4ABBFA7599B7C308DF91EB = {isa = PBXFileReference; lastKnownFileType = sourcecode.swift; includeInIndex = 0; name = "ServiceDetailView.swift"; path = "OpsPulse/Features/Services/ServiceDetailView.swift"; sourceTree = "SOURCE_ROOT"; };
		73A1D46937D31E6337541907 = {isa = PBXFileReference; lastKnownFileType = sourcecode.swift; includeInIndex = 0; name = "SettingsView.swift"; path = "OpsPulse/Features/Settings/SettingsView.swift"; sourceTree = "SOURCE_ROOT"; };
		E9EFA116A980CA1AD4EE01A2 = {isa = PBXFileReference; lastKnownFileType = sourcecode.swift; includeInIndex = 0; name = "AppIntents.swift"; path = "OpsPulse/Platform/AppIntents.swift"; sourceTree = "SOURCE_ROOT"; };
		A12CAB044B59585E61BC90BF = {isa = PBXFileReference; lastKnownFileType = sourcecode.swift; includeInIndex = 0; name = "AppSnapshotPersistence.swift"; path = "OpsPulse/Platform/AppSnapshotPersistence.swift"; sourceTree = "SOURCE_ROOT"; };
		372B63F7E7864210CC7C1912 = {isa = PBXFileReference; lastKnownFileType = sourcecode.swift; includeInIndex = 0; name = "KeychainTokenStore.swift"; path = "OpsPulse/Platform/KeychainTokenStore.swift"; sourceTree = "SOURCE_ROOT"; };
		7D17ED74CD9083A1009EA8DD = {isa = PBXFileReference; lastKnownFileType = sourcecode.swift; includeInIndex = 0; name = "LocalIncidentNotificationScheduler.swift"; path = "OpsPulse/Platform/LocalIncidentNotificationScheduler.swift"; sourceTree = "SOURCE_ROOT"; };
		04363BB08914B539CDD8A859 = {isa = PBXFileReference; lastKnownFileType = sourcecode.swift; includeInIndex = 0; name = "DateProvider.swift"; path = "Sources/OpsPulseCore/DateProvider.swift"; sourceTree = "SOURCE_ROOT"; };
		F88432F9E4E961CF320DEB48 = {isa = PBXFileReference; lastKnownFileType = sourcecode.swift; includeInIndex = 0; name = "DemoOpsRepository.swift"; path = "Sources/OpsPulseCore/DemoOpsRepository.swift"; sourceTree = "SOURCE_ROOT"; };
		BA1B5A153C73DDDAFCA59979 = {isa = PBXFileReference; lastKnownFileType = sourcecode.swift; includeInIndex = 0; name = "Fixtures.swift"; path = "Sources/OpsPulseCore/Fixtures.swift"; sourceTree = "SOURCE_ROOT"; };
		FEA673F056B9F55592BE7AC6 = {isa = PBXFileReference; lastKnownFileType = sourcecode.swift; includeInIndex = 0; name = "HTTPAPI.swift"; path = "Sources/OpsPulseCore/HTTPAPI.swift"; sourceTree = "SOURCE_ROOT"; };
		61D6C1535A1D7739993E11BA = {isa = PBXFileReference; lastKnownFileType = sourcecode.swift; includeInIndex = 0; name = "IncidentWorkflow.swift"; path = "Sources/OpsPulseCore/IncidentWorkflow.swift"; sourceTree = "SOURCE_ROOT"; };
		BB298F91BD0BF82A34F73D48 = {isa = PBXFileReference; lastKnownFileType = sourcecode.swift; includeInIndex = 0; name = "Models.swift"; path = "Sources/OpsPulseCore/Models.swift"; sourceTree = "SOURCE_ROOT"; };
		03C087D8A1BBE19D46F41829 = {isa = PBXFileReference; lastKnownFileType = sourcecode.swift; includeInIndex = 0; name = "PostIncidentReport.swift"; path = "Sources/OpsPulseCore/PostIncidentReport.swift"; sourceTree = "SOURCE_ROOT"; };
		F5547F6C2BE7FDF236339197 = {isa = PBXFileReference; lastKnownFileType = sourcecode.swift; includeInIndex = 0; name = "SLOCalculator.swift"; path = "Sources/OpsPulseCore/SLOCalculator.swift"; sourceTree = "SOURCE_ROOT"; };
		3B545469E10659C747F855B6 = {isa = PBXFileReference; lastKnownFileType = sourcecode.swift; includeInIndex = 0; name = "SnapshotStore.swift"; path = "Sources/OpsPulseCore/SnapshotStore.swift"; sourceTree = "SOURCE_ROOT"; };
		657D7F554261B32F11444C7B = {isa = PBXFileReference; lastKnownFileType = sourcecode.swift; includeInIndex = 0; name = "OpsPulseWidget.swift"; path = "OpsPulseWidget/OpsPulseWidget.swift"; sourceTree = "SOURCE_ROOT"; };
		EB16DE0AD67DBC73352355F7 = {isa = PBXFileReference; lastKnownFileType = folder.assetcatalog; includeInIndex = 0; name = "Assets.xcassets"; path = "OpsPulse/Assets.xcassets"; sourceTree = "SOURCE_ROOT"; };
		B6A1C913BC01253C7585EBD8 = {isa = PBXBuildFile; fileRef = DC84AF413EBD3300A65BF831; };
		CC8B0A1CC54F51D5FD671363 = {isa = PBXBuildFile; fileRef = 818356EF5B262D29FE196EB7; };
		B361C788A11F68BED0D86DE9 = {isa = PBXBuildFile; fileRef = 5DB5ADDEC480186E9F429B4D; };
		C30813850F066351C0E8375C = {isa = PBXBuildFile; fileRef = 044522877366455FC452D195; };
		0B44BB99F24A3A0D05233B0C = {isa = PBXBuildFile; fileRef = E5F04F16C48F25DCF1081045; };
		464C85D0FBB4EE822BEEE802 = {isa = PBXBuildFile; fileRef = 91B9CEF8A277706E29A43DEB; };
		AFCD2D0EFC2A1D06078FA27E = {isa = PBXBuildFile; fileRef = D6B7EF2AF443756F4BD234E3; };
		196F87E883EC8A45BDF5AB07 = {isa = PBXBuildFile; fileRef = A834F969B9A91D4A69E2A9F0; };
		1858523BF792AE955B2B010E = {isa = PBXBuildFile; fileRef = 6121D811F41E64430EFD760B; };
		18C3463A04F5D5B141585AA1 = {isa = PBXBuildFile; fileRef = 7C7495E6BD85C2CCFFC8C21F; };
		BEDF43F7FF6DE8E0CD0343FC = {isa = PBXBuildFile; fileRef = FF1C571385A84908FA211661; };
		77B6436B3EC1F23170BBC092 = {isa = PBXBuildFile; fileRef = 6D4ABBFA7599B7C308DF91EB; };
		0B629CF32C9AFA487FC1FF1C = {isa = PBXBuildFile; fileRef = 73A1D46937D31E6337541907; };
		B98B4CE2776232F01F3128E1 = {isa = PBXBuildFile; fileRef = E9EFA116A980CA1AD4EE01A2; };
		A90CC67867E46DA6B3D96DC1 = {isa = PBXBuildFile; fileRef = A12CAB044B59585E61BC90BF; };
		C135D20E1656DAF816CC3B23 = {isa = PBXBuildFile; fileRef = 372B63F7E7864210CC7C1912; };
		DFC2B0C21BFB6FE4A40DEC89 = {isa = PBXBuildFile; fileRef = 7D17ED74CD9083A1009EA8DD; };
		E422DD01C43C8E3F6D3A13CE = {isa = PBXBuildFile; fileRef = 04363BB08914B539CDD8A859; };
		B95A3A8B80DB6B26A70C8A62 = {isa = PBXBuildFile; fileRef = F88432F9E4E961CF320DEB48; };
		791126FEA56E3CFD288B0087 = {isa = PBXBuildFile; fileRef = BA1B5A153C73DDDAFCA59979; };
		B577D6C1D52AC7D3F49A6FD0 = {isa = PBXBuildFile; fileRef = FEA673F056B9F55592BE7AC6; };
		F2A3833D5A5CB9EDB513DC21 = {isa = PBXBuildFile; fileRef = 61D6C1535A1D7739993E11BA; };
		4B7C4F9DDE0D2A898A37BFCA = {isa = PBXBuildFile; fileRef = BB298F91BD0BF82A34F73D48; };
		8EC0512AB65B16BDE54C4306 = {isa = PBXBuildFile; fileRef = 03C087D8A1BBE19D46F41829; };
		BA02E86C5E58254217609879 = {isa = PBXBuildFile; fileRef = F5547F6C2BE7FDF236339197; };
		B2FF0E47C4258CA82018FB4C = {isa = PBXBuildFile; fileRef = 3B545469E10659C747F855B6; };
		EAD8A5350A33A479C4E53C38 = {isa = PBXBuildFile; fileRef = 657D7F554261B32F11444C7B; };
		3868BCAD6FFC649E955E4706 = {isa = PBXBuildFile; fileRef = EB16DE0AD67DBC73352355F7; };
		7E4347B9FF0CD7D37BE1C088 = {isa = PBXBuildFile; fileRef = 81CACFE6837048DF70A6D767; settings = {ATTRIBUTES = (RemoveHeadersOnCopy, );}; };
		4821909E9BF9E73E471FEA84 = {isa = PBXSourcesBuildPhase; buildActionMask = 2147483647; files = (B6A1C913BC01253C7585EBD8, CC8B0A1CC54F51D5FD671363, B361C788A11F68BED0D86DE9, C30813850F066351C0E8375C, 0B44BB99F24A3A0D05233B0C, 464C85D0FBB4EE822BEEE802, AFCD2D0EFC2A1D06078FA27E, 196F87E883EC8A45BDF5AB07, 1858523BF792AE955B2B010E, 18C3463A04F5D5B141585AA1, BEDF43F7FF6DE8E0CD0343FC, 77B6436B3EC1F23170BBC092, 0B629CF32C9AFA487FC1FF1C, B98B4CE2776232F01F3128E1, A90CC67867E46DA6B3D96DC1, C135D20E1656DAF816CC3B23, DFC2B0C21BFB6FE4A40DEC89, E422DD01C43C8E3F6D3A13CE, B95A3A8B80DB6B26A70C8A62, 791126FEA56E3CFD288B0087, B577D6C1D52AC7D3F49A6FD0, F2A3833D5A5CB9EDB513DC21, 4B7C4F9DDE0D2A898A37BFCA, 8EC0512AB65B16BDE54C4306, BA02E86C5E58254217609879, B2FF0E47C4258CA82018FB4C); runOnlyForDeploymentPostprocessing = 0; };
		F667297ED3AB90EAC07798D4 = {isa = PBXResourcesBuildPhase; buildActionMask = 2147483647; files = (3868BCAD6FFC649E955E4706); runOnlyForDeploymentPostprocessing = 0; };
		6EFAB1ECC0D092E20FE51FCD = {isa = PBXFrameworksBuildPhase; buildActionMask = 2147483647; files = (); runOnlyForDeploymentPostprocessing = 0; };
		496AF46EC2762DDF91F78F13 = {isa = PBXCopyFilesBuildPhase; buildActionMask = 2147483647; dstPath = ""; dstSubfolderSpec = 13; files = (7E4347B9FF0CD7D37BE1C088); name = "Embed App Extensions"; runOnlyForDeploymentPostprocessing = 0; };
		37A859133C5B7A49CE597D35 = {isa = PBXSourcesBuildPhase; buildActionMask = 2147483647; files = (EAD8A5350A33A479C4E53C38); runOnlyForDeploymentPostprocessing = 0; };
		B56E96530BC9DC2EBA288692 = {isa = PBXResourcesBuildPhase; buildActionMask = 2147483647; files = (); runOnlyForDeploymentPostprocessing = 0; };
		11EF39465FB5B37CF41E367D = {isa = PBXFrameworksBuildPhase; buildActionMask = 2147483647; files = (); runOnlyForDeploymentPostprocessing = 0; };
		4A43692AD8BCEEB8B727C85B = {isa = XCBuildConfiguration; name = Debug;
				buildSettings = {
					ALWAYS_SEARCH_USER_PATHS = NO;
					CLANG_ANALYZER_NONNULL = YES;
					CLANG_ENABLE_MODULES = YES;
					CLANG_ENABLE_OBJC_ARC = YES;
					COPY_PHASE_STRIP = NO;
					DEBUG_INFORMATION_FORMAT = dwarf;
					ENABLE_STRICT_OBJC_MSGSEND = YES;
					GCC_C_LANGUAGE_STANDARD = gnu17;
					GCC_DYNAMIC_NO_PIC = NO;
					GCC_NO_COMMON_BLOCKS = YES;
					GCC_OPTIMIZATION_LEVEL = 0;
					IPHONEOS_DEPLOYMENT_TARGET = 18.0;
					SDKROOT = iphoneos;
					SWIFT_VERSION = 6.0;
				};
			};
		C28449456A5A705A7479770B = {isa = XCBuildConfiguration; name = Release;
				buildSettings = {
					ALWAYS_SEARCH_USER_PATHS = NO;
					CLANG_ANALYZER_NONNULL = YES;
					CLANG_ENABLE_MODULES = YES;
					CLANG_ENABLE_OBJC_ARC = YES;
					COPY_PHASE_STRIP = NO;
					DEBUG_INFORMATION_FORMAT = dwarf-with-dsym;
					ENABLE_NS_ASSERTIONS = NO;
					ENABLE_STRICT_OBJC_MSGSEND = YES;
					GCC_C_LANGUAGE_STANDARD = gnu17;
					GCC_NO_COMMON_BLOCKS = YES;
					IPHONEOS_DEPLOYMENT_TARGET = 18.0;
					SDKROOT = iphoneos;
					SWIFT_COMPILATION_MODE = wholemodule;
					SWIFT_VERSION = 6.0;
				};
			};
		1F4E3D13C2320EDA50221924 = {isa = XCConfigurationList; buildConfigurations = (4A43692AD8BCEEB8B727C85B, C28449456A5A705A7479770B); defaultConfigurationIsVisible = 0; defaultConfigurationName = Release; };
		0615050D04BD2DC4E6CFFAFF = {isa = XCBuildConfiguration; name = Debug;
				buildSettings = {
					ASSETCATALOG_COMPILER_APPICON_NAME = AppIcon;
					CODE_SIGN_STYLE = Automatic;
					CURRENT_PROJECT_VERSION = 1;
					DEVELOPMENT_TEAM = "";
					ENABLE_PREVIEWS = YES;
					GENERATE_INFOPLIST_FILE = YES;
					INFOPLIST_KEY_CFBundleDisplayName = OpsPulse;
					INFOPLIST_KEY_LSApplicationCategoryType = public.app-category.developer-tools;
					INFOPLIST_KEY_UIApplicationSceneManifest_Generation = YES;
					INFOPLIST_KEY_UILaunchScreen_Generation = YES;
					IPHONEOS_DEPLOYMENT_TARGET = 18.0;
					MARKETING_VERSION = 1.0;
					PRODUCT_BUNDLE_IDENTIFIER = com.naga.OpsPulse;
					PRODUCT_NAME = "$(TARGET_NAME)";
					SUPPORTED_PLATFORMS = "iphoneos iphonesimulator";
					SWIFT_VERSION = 6.0;
					TARGETED_DEVICE_FAMILY = "1,2";
					SWIFT_OPTIMIZATION_LEVEL = "-Onone";
				};
			};
		2761849A6D0E26CA4E1817A1 = {isa = XCBuildConfiguration; name = Release;
				buildSettings = {
					ASSETCATALOG_COMPILER_APPICON_NAME = AppIcon;
					CODE_SIGN_STYLE = Automatic;
					CURRENT_PROJECT_VERSION = 1;
					DEVELOPMENT_TEAM = "";
					ENABLE_PREVIEWS = YES;
					GENERATE_INFOPLIST_FILE = YES;
					INFOPLIST_KEY_CFBundleDisplayName = OpsPulse;
					INFOPLIST_KEY_LSApplicationCategoryType = public.app-category.developer-tools;
					INFOPLIST_KEY_UIApplicationSceneManifest_Generation = YES;
					INFOPLIST_KEY_UILaunchScreen_Generation = YES;
					IPHONEOS_DEPLOYMENT_TARGET = 18.0;
					MARKETING_VERSION = 1.0;
					PRODUCT_BUNDLE_IDENTIFIER = com.naga.OpsPulse;
					PRODUCT_NAME = "$(TARGET_NAME)";
					SUPPORTED_PLATFORMS = "iphoneos iphonesimulator";
					SWIFT_VERSION = 6.0;
					TARGETED_DEVICE_FAMILY = "1,2";
				};
			};
		1D97B77EAD2380603A3F2A82 = {isa = XCConfigurationList; buildConfigurations = (0615050D04BD2DC4E6CFFAFF, 2761849A6D0E26CA4E1817A1); defaultConfigurationIsVisible = 0; defaultConfigurationName = Release; };
		F6BAC4A516C70E3DCDCADAFC = {isa = XCBuildConfiguration; name = Debug;
				buildSettings = {
					APPLICATION_EXTENSION_API_ONLY = YES;
					CODE_SIGN_STYLE = Automatic;
					CURRENT_PROJECT_VERSION = 1;
					DEVELOPMENT_TEAM = "";
					GENERATE_INFOPLIST_FILE = NO;
					INFOPLIST_FILE = OpsPulseWidget/Info.plist;
					IPHONEOS_DEPLOYMENT_TARGET = 18.0;
					MARKETING_VERSION = 1.0;
					PRODUCT_BUNDLE_IDENTIFIER = com.naga.OpsPulse.widget;
					PRODUCT_NAME = "$(TARGET_NAME)";
					SKIP_INSTALL = YES;
					SUPPORTED_PLATFORMS = "iphoneos iphonesimulator";
					SWIFT_VERSION = 6.0;
					TARGETED_DEVICE_FAMILY = "1,2";
					SWIFT_OPTIMIZATION_LEVEL = "-Onone";
				};
			};
		2400F71B974292CB576F1869 = {isa = XCBuildConfiguration; name = Release;
				buildSettings = {
					APPLICATION_EXTENSION_API_ONLY = YES;
					CODE_SIGN_STYLE = Automatic;
					CURRENT_PROJECT_VERSION = 1;
					DEVELOPMENT_TEAM = "";
					GENERATE_INFOPLIST_FILE = NO;
					INFOPLIST_FILE = OpsPulseWidget/Info.plist;
					IPHONEOS_DEPLOYMENT_TARGET = 18.0;
					MARKETING_VERSION = 1.0;
					PRODUCT_BUNDLE_IDENTIFIER = com.naga.OpsPulse.widget;
					PRODUCT_NAME = "$(TARGET_NAME)";
					SKIP_INSTALL = YES;
					SUPPORTED_PLATFORMS = "iphoneos iphonesimulator";
					SWIFT_VERSION = 6.0;
					TARGETED_DEVICE_FAMILY = "1,2";
				};
			};
		8B429FCF8E65333911689421 = {isa = XCConfigurationList; buildConfigurations = (F6BAC4A516C70E3DCDCADAFC, 2400F71B974292CB576F1869); defaultConfigurationIsVisible = 0; defaultConfigurationName = Release; };
		99E6A51DA0B86FE48AEB34ED = {isa = PBXContainerItemProxy; containerPortal = 3012BBDAD9F33CC40C116182; proxyType = 1; remoteGlobalIDString = 1BDE68FA614AEDDF8C3D2525; remoteInfo = OpsPulseWidget; };
		F78D8F997A3DF3A317629BBA = {isa = PBXTargetDependency; target = 1BDE68FA614AEDDF8C3D2525; targetProxy = 99E6A51DA0B86FE48AEB34ED; };
		3ACC2909A5F6A6B14920140A = {isa = PBXNativeTarget; buildConfigurationList = 1D97B77EAD2380603A3F2A82; buildPhases = (4821909E9BF9E73E471FEA84, 6EFAB1ECC0D092E20FE51FCD, F667297ED3AB90EAC07798D4, 496AF46EC2762DDF91F78F13); buildRules = (); dependencies = (F78D8F997A3DF3A317629BBA); name = OpsPulse; productName = OpsPulse; productReference = 6B8A86844998C91D3EC8445B; productType = "com.apple.product-type.application"; };
		1BDE68FA614AEDDF8C3D2525 = {isa = PBXNativeTarget; buildConfigurationList = 8B429FCF8E65333911689421; buildPhases = (37A859133C5B7A49CE597D35, 11EF39465FB5B37CF41E367D, B56E96530BC9DC2EBA288692); buildRules = (); dependencies = (); name = OpsPulseWidget; productName = OpsPulseWidget; productReference = 81CACFE6837048DF70A6D767; productType = "com.apple.product-type.app-extension"; };
		425E32FBB3152194D095E7A0 = {isa = PBXGroup; children = (DC84AF413EBD3300A65BF831, 818356EF5B262D29FE196EB7, 5DB5ADDEC480186E9F429B4D, 044522877366455FC452D195, E5F04F16C48F25DCF1081045, 91B9CEF8A277706E29A43DEB, D6B7EF2AF443756F4BD234E3, A834F969B9A91D4A69E2A9F0, 6121D811F41E64430EFD760B, 7C7495E6BD85C2CCFFC8C21F, FF1C571385A84908FA211661, 6D4ABBFA7599B7C308DF91EB, 73A1D46937D31E6337541907, E9EFA116A980CA1AD4EE01A2, A12CAB044B59585E61BC90BF, 372B63F7E7864210CC7C1912, 7D17ED74CD9083A1009EA8DD, EB16DE0AD67DBC73352355F7); path = "OpsPulse"; sourceTree = "<group>"; };
		420CFB359C2A33DC60BFB328 = {isa = PBXGroup; children = (04363BB08914B539CDD8A859, F88432F9E4E961CF320DEB48, BA1B5A153C73DDDAFCA59979, FEA673F056B9F55592BE7AC6, 61D6C1535A1D7739993E11BA, BB298F91BD0BF82A34F73D48, 03C087D8A1BBE19D46F41829, F5547F6C2BE7FDF236339197, 3B545469E10659C747F855B6); path = "Sources"; sourceTree = "<group>"; };
		96344CDBC9D444AFEFB6FCD9 = {isa = PBXGroup; children = (657D7F554261B32F11444C7B); path = "OpsPulseWidget"; sourceTree = "<group>"; };
		2F3A6B1E78F896718625FF06 = {isa = PBXGroup; children = (6B8A86844998C91D3EC8445B, 81CACFE6837048DF70A6D767); name = "Products"; sourceTree = "<group>"; };
		518DA81DB9B99529C0C0AEBE = {isa = PBXGroup; children = (425E32FBB3152194D095E7A0, 420CFB359C2A33DC60BFB328, 96344CDBC9D444AFEFB6FCD9, 2F3A6B1E78F896718625FF06); sourceTree = "<group>"; };
		3012BBDAD9F33CC40C116182 = {isa = PBXProject; attributes = {BuildIndependentTargetsInParallel = YES; LastSwiftUpdateCheck = 1600; LastUpgradeCheck = 1600; TargetAttributes = {3ACC2909A5F6A6B14920140A = {CreatedOnToolsVersion = 16.0;}; 1BDE68FA614AEDDF8C3D2525 = {CreatedOnToolsVersion = 16.0;}; }; }; buildConfigurationList = 1F4E3D13C2320EDA50221924; compatibilityVersion = "Xcode 15.0"; developmentRegion = en; hasScannedForEncodings = 0; knownRegions = (en, Base); mainGroup = 518DA81DB9B99529C0C0AEBE; productRefGroup = 2F3A6B1E78F896718625FF06; projectDirPath = ""; projectRoot = ""; targets = (3ACC2909A5F6A6B14920140A, 1BDE68FA614AEDDF8C3D2525); };
	};
	rootObject = 3012BBDAD9F33CC40C116182;
}
